// !$*UTF8*$!
{
	archiveVersion = 1;
	classes = {
	};
	objectVersion = 56;
	objects = {

/* Begin PBXBuildFile section */
		DA0421CD2A67DEF2000A46DB /* ItemsViewController.swift in Sources */ = {isa = PBXBuildFile; fileRef = DA0421CC2A67DEF2000A46DB /* ItemsViewController.swift */; };
		DA0421CF2A6808B1000A46DB /* CustomCollectionViewCell.swift in Sources */ = {isa = PBXBuildFile; fileRef = DA0421CE2A6808B1000A46DB /* CustomCollectionViewCell.swift */; };
		DA2188202A2BEED900461DE1 /* FirebaseAuth in Frameworks */ = {isa = PBXBuildFile; productRef = DA21881F2A2BEED900461DE1 /* FirebaseAuth */; };
		DA2188222A2BEED900461DE1 /* FirebaseDatabase in Frameworks */ = {isa = PBXBuildFile; productRef = DA2188212A2BEED900461DE1 /* FirebaseDatabase */; };
		DA4AC18C2A667ED70078CA15 /* StatsPage.swift in Sources */ = {isa = PBXBuildFile; fileRef = DA4AC18B2A667ED70078CA15 /* StatsPage.swift */; };
		DA5519F42A2A8FD0005509B7 /* ScanningNewItem.swift in Sources */ = {isa = PBXBuildFile; fileRef = DA5519F32A2A8FD0005509B7 /* ScanningNewItem.swift */; };
		DA5519F62A2A933D005509B7 /* ScannedItem.swift in Sources */ = {isa = PBXBuildFile; fileRef = DA5519F52A2A933D005509B7 /* ScannedItem.swift */; };
		DA5519F82A2A9F75005509B7 /* AddingNewItem.swift in Sources */ = {isa = PBXBuildFile; fileRef = DA5519F72A2A9F75005509B7 /* AddingNewItem.swift */; };
		DA6983C62A711D2B008D554B /* SlideMenuViewController.swift in Sources */ = {isa = PBXBuildFile; fileRef = DA6983C52A711D2B008D554B /* SlideMenuViewController.swift */; };
		DA761BC22A264ABB00026F5B /* ScanningViewController.swift in Sources */ = {isa = PBXBuildFile; fileRef = DA761BC12A264ABB00026F5B /* ScanningViewController.swift */; };
		DAB809B72A24EEE600E10E4C /* GoogleService-Info.plist in Resources */ = {isa = PBXBuildFile; fileRef = DAB809B62A24EEE600E10E4C /* GoogleService-Info.plist */; };
		DAB87D102A6A8122002099FA /* ItemDetailViewController.swift in Sources */ = {isa = PBXBuildFile; fileRef = DAB87D0F2A6A8122002099FA /* ItemDetailViewController.swift */; };
		DAC308402A658B3C0086FC1E /* ScannedItemModel.xcdatamodeld in Sources */ = {isa = PBXBuildFile; fileRef = DAC3083E2A658B3C0086FC1E /* ScannedItemModel.xcdatamodeld */; };
		DAC7D18F2A23AEED006056FD /* AppDelegate.swift in Sources */ = {isa = PBXBuildFile; fileRef = DAC7D18E2A23AEED006056FD /* AppDelegate.swift */; };
		DAC7D1912A23AEED006056FD /* SceneDelegate.swift in Sources */ = {isa = PBXBuildFile; fileRef = DAC7D1902A23AEED006056FD /* SceneDelegate.swift */; };
		DAC7D1932A23AEED006056FD /* ViewController.swift in Sources */ = {isa = PBXBuildFile; fileRef = DAC7D1922A23AEED006056FD /* ViewController.swift */; };
		DAC7D1962A23AEED006056FD /* Main.storyboard in Resources */ = {isa = PBXBuildFile; fileRef = DAC7D1942A23AEED006056FD /* Main.storyboard */; };
		DAC7D1982A23AEEE006056FD /* Assets.xcassets in Resources */ = {isa = PBXBuildFile; fileRef = DAC7D1972A23AEEE006056FD /* Assets.xcassets */; };
		DAC7D19B2A23AEEE006056FD /* LaunchScreen.storyboard in Resources */ = {isa = PBXBuildFile; fileRef = DAC7D1992A23AEEE006056FD /* LaunchScreen.storyboard */; };
/* End PBXBuildFile section */

/* Begin PBXFileReference section */
		DA0421CC2A67DEF2000A46DB /* ItemsViewController.swift */ = {isa = PBXFileReference; lastKnownFileType = sourcecode.swift; path = ItemsViewController.swift; sourceTree = "<group>"; };
		DA0421CE2A6808B1000A46DB /* CustomCollectionViewCell.swift */ = {isa = PBXFileReference; lastKnownFileType = sourcecode.swift; path = CustomCollectionViewCell.swift; sourceTree = "<group>"; };
		DA4AC18B2A667ED70078CA15 /* StatsPage.swift */ = {isa = PBXFileReference; lastKnownFileType = sourcecode.swift; path = StatsPage.swift; sourceTree = "<group>"; };
		DA5519F32A2A8FD0005509B7 /* ScanningNewItem.swift */ = {isa = PBXFileReference; lastKnownFileType = sourcecode.swift; path = ScanningNewItem.swift; sourceTree = "<group>"; };
		DA5519F52A2A933D005509B7 /* ScannedItem.swift */ = {isa = PBXFileReference; fileEncoding = 4; lastKnownFileType = sourcecode.swift; path = ScannedItem.swift; sourceTree = "<group>"; };
		DA5519F72A2A9F75005509B7 /* AddingNewItem.swift */ = {isa = PBXFileReference; lastKnownFileType = sourcecode.swift; path = AddingNewItem.swift; sourceTree = "<group>"; };
		DA6983C52A711D2B008D554B /* SlideMenuViewController.swift */ = {isa = PBXFileReference; lastKnownFileType = sourcecode.swift; path = SlideMenuViewController.swift; sourceTree = "<group>"; };
		DA761BC12A264ABB00026F5B /* ScanningViewController.swift */ = {isa = PBXFileReference; lastKnownFileType = sourcecode.swift; path = ScanningViewController.swift; sourceTree = "<group>"; };
		DAB809B62A24EEE600E10E4C /* GoogleService-Info.plist */ = {isa = PBXFileReference; fileEncoding = 4; lastKnownFileType = text.plist.xml; name = "GoogleService-Info.plist"; path = "../../../../Downloads/GoogleService-Info.plist"; sourceTree = "<group>"; };
		DAB87D0F2A6A8122002099FA /* ItemDetailViewController.swift */ = {isa = PBXFileReference; lastKnownFileType = sourcecode.swift; path = ItemDetailViewController.swift; sourceTree = "<group>"; };
		DAC3083F2A658B3C0086FC1E /* ScannedItemModel.xcdatamodel */ = {isa = PBXFileReference; lastKnownFileType = wrapper.xcdatamodel; path = ScannedItemModel.xcdatamodel; sourceTree = "<group>"; };
		DAC7D18B2A23AEED006056FD /* kitchen sync.app */ = {isa = PBXFileReference; explicitFileType = wrapper.application; includeInIndex = 0; path = "kitchen sync.app"; sourceTree = BUILT_PRODUCTS_DIR; };
		DAC7D18E2A23AEED006056FD /* AppDelegate.swift */ = {isa = PBXFileReference; lastKnownFileType = sourcecode.swift; path = AppDelegate.swift; sourceTree = "<group>"; };
		DAC7D1902A23AEED006056FD /* SceneDelegate.swift */ = {isa = PBXFileReference; lastKnownFileType = sourcecode.swift; path = SceneDelegate.swift; sourceTree = "<group>"; };
		DAC7D1922A23AEED006056FD /* ViewController.swift */ = {isa = PBXFileReference; lastKnownFileType = sourcecode.swift; path = ViewController.swift; sourceTree = "<group>"; };
		DAC7D1952A23AEED006056FD /* Base */ = {isa = PBXFileReference; lastKnownFileType = file.storyboard; name = Base; path = Base.lproj/Main.storyboard; sourceTree = "<group>"; };
		DAC7D1972A23AEEE006056FD /* Assets.xcassets */ = {isa = PBXFileReference; lastKnownFileType = folder.assetcatalog; path = Assets.xcassets; sourceTree = "<group>"; };
		DAC7D19A2A23AEEE006056FD /* Base */ = {isa = PBXFileReference; lastKnownFileType = file.storyboard; name = Base; path = Base.lproj/LaunchScreen.storyboard; sourceTree = "<group>"; };
		DAC7D19C2A23AEEE006056FD /* Info.plist */ = {isa = PBXFileReference; lastKnownFileType = text.plist.xml; path = Info.plist; sourceTree = "<group>"; };
/* End PBXFileReference section */

/* Begin PBXFrameworksBuildPhase section */
		DAC7D1882A23AEED006056FD /* Frameworks */ = {
			isa = PBXFrameworksBuildPhase;
			buildActionMask = 2147483647;
			files = (
				DA2188222A2BEED900461DE1 /* FirebaseDatabase in Frameworks */,
				DA2188202A2BEED900461DE1 /* FirebaseAuth in Frameworks */,
			);
			runOnlyForDeploymentPostprocessing = 0;
		};
/* End PBXFrameworksBuildPhase section */

/* Begin PBXGroup section */
		DAC7D1822A23AEED006056FD = {
			isa = PBXGroup;
			children = (
				DAC7D18D2A23AEED006056FD /* kitchen sync */,
				DAC7D18C2A23AEED006056FD /* Products */,
			);
			sourceTree = "<group>";
		};
		DAC7D18C2A23AEED006056FD /* Products */ = {
			isa = PBXGroup;
			children = (
				DAC7D18B2A23AEED006056FD /* kitchen sync.app */,
			);
			name = Products;
			sourceTree = "<group>";
		};
		DAC7D18D2A23AEED006056FD /* kitchen sync */ = {
			isa = PBXGroup;
			children = (
				DAC7D18E2A23AEED006056FD /* AppDelegate.swift */,
				DAC7D1902A23AEED006056FD /* SceneDelegate.swift */,
				DAC7D1922A23AEED006056FD /* ViewController.swift */,
				DA6983C52A711D2B008D554B /* SlideMenuViewController.swift */,
				DA761BC12A264ABB00026F5B /* ScanningViewController.swift */,
				DA5519F52A2A933D005509B7 /* ScannedItem.swift */,
				DA5519F32A2A8FD0005509B7 /* ScanningNewItem.swift */,
				DA5519F72A2A9F75005509B7 /* AddingNewItem.swift */,
				DA4AC18B2A667ED70078CA15 /* StatsPage.swift */,
				DA0421CE2A6808B1000A46DB /* CustomCollectionViewCell.swift */,
				DA0421CC2A67DEF2000A46DB /* ItemsViewController.swift */,
				DAB87D0F2A6A8122002099FA /* ItemDetailViewController.swift */,
				DAC3083E2A658B3C0086FC1E /* ScannedItemModel.xcdatamodeld */,
				DAC7D1942A23AEED006056FD /* Main.storyboard */,
				DAC7D1992A23AEEE006056FD /* LaunchScreen.storyboard */,
				DAC7D1972A23AEEE006056FD /* Assets.xcassets */,
				DAC7D19C2A23AEEE006056FD /* Info.plist */,
				DAB809B62A24EEE600E10E4C /* GoogleService-Info.plist */,
			);
			path = "kitchen sync";
			sourceTree = "<group>";
		};
/* End PBXGroup section */

/* Begin PBXNativeTarget section */
		DAC7D18A2A23AEED006056FD /* kitchen sync */ = {
			isa = PBXNativeTarget;
			buildConfigurationList = DAC7D19F2A23AEEE006056FD /* Build configuration list for PBXNativeTarget "kitchen sync" */;
			buildPhases = (
				DAC7D1872A23AEED006056FD /* Sources */,
				DAC7D1882A23AEED006056FD /* Frameworks */,
				DAC7D1892A23AEED006056FD /* Resources */,
			);
			buildRules = (
			);
			dependencies = (
			);
			name = "kitchen sync";
			packageProductDependencies = (
				DA21881F2A2BEED900461DE1 /* FirebaseAuth */,
				DA2188212A2BEED900461DE1 /* FirebaseDatabase */,
			);
			productName = "kitchen sync";
			productReference = DAC7D18B2A23AEED006056FD /* kitchen sync.app */;
			productType = "com.apple.product-type.application";
		};
/* End PBXNativeTarget section */

/* Begin PBXProject section */
		DAC7D1832A23AEED006056FD /* Project object */ = {
			isa = PBXProject;
			attributes = {
				BuildIndependentTargetsInParallel = 1;
				LastSwiftUpdateCheck = 1430;
				LastUpgradeCheck = 1430;
				TargetAttributes = {
					DAC7D18A2A23AEED006056FD = {
						CreatedOnToolsVersion = 14.3;
					};
				};
			};
			buildConfigurationList = DAC7D1862A23AEED006056FD /* Build configuration list for PBXProject "kitchen sync" */;
			compatibilityVersion = "Xcode 14.0";
			developmentRegion = en;
			hasScannedForEncodings = 0;
			knownRegions = (
				en,
				Base,
			);
			mainGroup = DAC7D1822A23AEED006056FD;
			packageReferences = (
				DA21881E2A2BEED900461DE1 /* XCRemoteSwiftPackageReference "firebase-ios-sdk" */,
			);
			productRefGroup = DAC7D18C2A23AEED006056FD /* Products */;
			projectDirPath = "";
			projectRoot = "";
			targets = (
				DAC7D18A2A23AEED006056FD /* kitchen sync */,
			);
		};
/* End PBXProject section */

/* Begin PBXResourcesBuildPhase section */
		DAC7D1892A23AEED006056FD /* Resources */ = {
			isa = PBXResourcesBuildPhase;
			buildActionMask = 2147483647;
			files = (
				DAC7D19B2A23AEEE006056FD /* LaunchScreen.storyboard in Resources */,
				DAB809B72A24EEE600E10E4C /* GoogleService-Info.plist in Resources */,
				DAC7D1982A23AEEE006056FD /* Assets.xcassets in Resources */,
				DAC7D1962A23AEED006056FD /* Main.storyboard in Resources */,
			);
			runOnlyForDeploymentPostprocessing = 0;
		};
/* End PBXResourcesBuildPhase section */

/* Begin PBXSourcesBuildPhase section */
		DAC7D1872A23AEED006056FD /* Sources */ = {
			isa = PBXSourcesBuildPhase;
			buildActionMask = 2147483647;
			files = (
				DAC7D1932A23AEED006056FD /* ViewController.swift in Sources */,
				DA6983C62A711D2B008D554B /* SlideMenuViewController.swift in Sources */,
				DAC308402A658B3C0086FC1E /* ScannedItemModel.xcdatamodeld in Sources */,
				DAB87D102A6A8122002099FA /* ItemDetailViewController.swift in Sources */,
				DA5519F62A2A933D005509B7 /* ScannedItem.swift in Sources */,
				DAC7D18F2A23AEED006056FD /* AppDelegate.swift in Sources */,
				DAC7D1912A23AEED006056FD /* SceneDelegate.swift in Sources */,
				DA0421CD2A67DEF2000A46DB /* ItemsViewController.swift in Sources */,
				DA5519F82A2A9F75005509B7 /* AddingNewItem.swift in Sources */,
				DA4AC18C2A667ED70078CA15 /* StatsPage.swift in Sources */,
				DA5519F42A2A8FD0005509B7 /* ScanningNewItem.swift in Sources */,
				DA761BC22A264ABB00026F5B /* ScanningViewController.swift in Sources */,
				DA0421CF2A6808B1000A46DB /* CustomCollectionViewCell.swift in Sources */,
			);
			runOnlyForDeploymentPostprocessing = 0;
		};
/* End PBXSourcesBuildPhase section */

/* Begin PBXVariantGroup section */
		DAC7D1942A23AEED006056FD /* Main.storyboard */ = {
			isa = PBXVariantGroup;
			children = (
				DAC7D1952A23AEED006056FD /* Base */,
			);
			name = Main.storyboard;
			sourceTree = "<group>";
		};
		DAC7D1992A23AEEE006056FD /* LaunchScreen.storyboard */ = {
			isa = PBXVariantGroup;
			children = (
				DAC7D19A2A23AEEE006056FD /* Base */,
			);
			name = LaunchScreen.storyboard;
			sourceTree = "<group>";
		};
/* End PBXVariantGroup section */

/* Begin XCBuildConfiguration section */
		DAC7D19D2A23AEEE006056FD /* Debug */ = {
			isa = XCBuildConfiguration;
			buildSettings = {
				ALWAYS_SEARCH_USER_PATHS = NO;
				CLANG_ANALYZER_NONNULL = YES;
				CLANG_ANALYZER_NUMBER_OBJECT_CONVERSION = YES_AGGRESSIVE;
				CLANG_CXX_LANGUAGE_STANDARD = "gnu++20";
				CLANG_ENABLE_MODULES = YES;
				CLANG_ENABLE_OBJC_ARC = YES;
				CLANG_ENABLE_OBJC_WEAK = YES;
				CLANG_WARN_BLOCK_CAPTURE_AUTORELEASING = YES;
				CLANG_WARN_BOOL_CONVERSION = YES;
				CLANG_WARN_COMMA = YES;
				CLANG_WARN_CONSTANT_CONVERSION = YES;
				CLANG_WARN_DEPRECATED_OBJC_IMPLEMENTATIONS = YES;
				CLANG_WARN_DIRECT_OBJC_ISA_USAGE = YES_ERROR;
				CLANG_WARN_DOCUMENTATION_COMMENTS = YES;
				CLANG_WARN_EMPTY_BODY = YES;
				CLANG_WARN_ENUM_CONVERSION = YES;
				CLANG_WARN_INFINITE_RECURSION = YES;
				CLANG_WARN_INT_CONVERSION = YES;
				CLANG_WARN_NON_LITERAL_NULL_CONVERSION = YES;
				CLANG_WARN_OBJC_IMPLICIT_RETAIN_SELF = YES;
				CLANG_WARN_OBJC_LITERAL_CONVERSION = YES;
				CLANG_WARN_OBJC_ROOT_CLASS = YES_ERROR;
				CLANG_WARN_QUOTED_INCLUDE_IN_FRAMEWORK_HEADER = YES;
				CLANG_WARN_RANGE_LOOP_ANALYSIS = YES;
				CLANG_WARN_STRICT_PROTOTYPES = YES;
				CLANG_WARN_SUSPICIOUS_MOVE = YES;
				CLANG_WARN_UNGUARDED_AVAILABILITY = YES_AGGRESSIVE;
				CLANG_WARN_UNREACHABLE_CODE = YES;
				CLANG_WARN__DUPLICATE_METHOD_MATCH = YES;
				COPY_PHASE_STRIP = NO;
				DEBUG_INFORMATION_FORMAT = dwarf;
				ENABLE_STRICT_OBJC_MSGSEND = YES;
				ENABLE_TESTABILITY = YES;
				GCC_C_LANGUAGE_STANDARD = gnu11;
				GCC_DYNAMIC_NO_PIC = NO;
				GCC_NO_COMMON_BLOCKS = YES;
				GCC_OPTIMIZATION_LEVEL = 0;
				GCC_PREPROCESSOR_DEFINITIONS = (
					"DEBUG=1",
					"$(inherited)",
				);
				GCC_WARN_64_TO_32_BIT_CONVERSION = YES;
				GCC_WARN_ABOUT_RETURN_TYPE = YES_ERROR;
				GCC_WARN_UNDECLARED_SELECTOR = YES;
				GCC_WARN_UNINITIALIZED_AUTOS = YES_AGGRESSIVE;
				GCC_WARN_UNUSED_FUNCTION = YES;
				GCC_WARN_UNUSED_VARIABLE = YES;
				IPHONEOS_DEPLOYMENT_TARGET = 16.4;
				MTL_ENABLE_DEBUG_INFO = INCLUDE_SOURCE;
				MTL_FAST_MATH = YES;
				ONLY_ACTIVE_ARCH = YES;
				SDKROOT = iphoneos;
				SWIFT_ACTIVE_COMPILATION_CONDITIONS = DEBUG;
				SWIFT_OPTIMIZATION_LEVEL = "-Onone";
			};
			name = Debug;
		};
		DAC7D19E2A23AEEE006056FD /* Release */ = {
			isa = XCBuildConfiguration;
			buildSettings = {
				ALWAYS_SEARCH_USER_PATHS = NO;
				CLANG_ANALYZER_NONNULL = YES;
				CLANG_ANALYZER_NUMBER_OBJECT_CONVERSION = YES_AGGRESSIVE;
				CLANG_CXX_LANGUAGE_STANDARD = "gnu++20";
				CLANG_ENABLE_MODULES = YES;
				CLANG_ENABLE_OBJC_ARC = YES;
				CLANG_ENABLE_OBJC_WEAK = YES;
				CLANG_WARN_BLOCK_CAPTURE_AUTORELEASING = YES;
				CLANG_WARN_BOOL_CONVERSION = YES;
				CLANG_WARN_COMMA = YES;
				CLANG_WARN_CONSTANT_CONVERSION = YES;
				CLANG_WARN_DEPRECATED_OBJC_IMPLEMENTATIONS = YES;
				CLANG_WARN_DIRECT_OBJC_ISA_USAGE = YES_ERROR;
				CLANG_WARN_DOCUMENTATION_COMMENTS = YES;
				CLANG_WARN_EMPTY_BODY = YES;
				CLANG_WARN_ENUM_CONVERSION = YES;
				CLANG_WARN_INFINITE_RECURSION = YES;
				CLANG_WARN_INT_CONVERSION = YES;
				CLANG_WARN_NON_LITERAL_NULL_CONVERSION = YES;
				CLANG_WARN_OBJC_IMPLICIT_RETAIN_SELF = YES;
				CLANG_WARN_OBJC_LITERAL_CONVERSION = YES;
				CLANG_WARN_OBJC_ROOT_CLASS = YES_ERROR;
				CLANG_WARN_QUOTED_INCLUDE_IN_FRAMEWORK_HEADER = YES;
				CLANG_WARN_RANGE_LOOP_ANALYSIS = YES;
				CLANG_WARN_STRICT_PROTOTYPES = YES;
				CLANG_WARN_SUSPICIOUS_MOVE = YES;
				CLANG_WARN_UNGUARDED_AVAILABILITY = YES_AGGRESSIVE;
				CLANG_WARN_UNREACHABLE_CODE = YES;
				CLANG_WARN__DUPLICATE_METHOD_MATCH = YES;
				COPY_PHASE_STRIP = NO;
				DEBUG_INFORMATION_FORMAT = "dwarf-with-dsym";
				ENABLE_NS_ASSERTIONS = NO;
				ENABLE_STRICT_OBJC_MSGSEND = YES;
				GCC_C_LANGUAGE_STANDARD = gnu11;
				GCC_NO_COMMON_BLOCKS = YES;
				GCC_WARN_64_TO_32_BIT_CONVERSION = YES;
				GCC_WARN_ABOUT_RETURN_TYPE = YES_ERROR;
				GCC_WARN_UNDECLARED_SELECTOR = YES;
				GCC_WARN_UNINITIALIZED_AUTOS = YES_AGGRESSIVE;
				GCC_WARN_UNUSED_FUNCTION = YES;
				GCC_WARN_UNUSED_VARIABLE = YES;
				IPHONEOS_DEPLOYMENT_TARGET = 16.4;
				MTL_ENABLE_DEBUG_INFO = NO;
				MTL_FAST_MATH = YES;
				SDKROOT = iphoneos;
				SWIFT_COMPILATION_MODE = wholemodule;
				SWIFT_OPTIMIZATION_LEVEL = "-O";
				VALIDATE_PRODUCT = YES;
			};
			name = Release;
		};
		DAC7D1A02A23AEEE006056FD /* Debug */ = {
			isa = XCBuildConfiguration;
			buildSettings = {
				ASSETCATALOG_COMPILER_APPICON_NAME = AppIcon;
				ASSETCATALOG_COMPILER_GLOBAL_ACCENT_COLOR_NAME = AccentColor;
				CODE_SIGN_IDENTITY = "Apple Development";
				CODE_SIGN_STYLE = Automatic;
				CURRENT_PROJECT_VERSION = 1;
				DEVELOPMENT_TEAM = E7QQN9MDY9;
				GENERATE_INFOPLIST_FILE = YES;
				INFOPLIST_FILE = "kitchen sync/Info.plist";
				INFOPLIST_KEY_NSCameraUsageDescription = "This application need the camera to opperate";
				INFOPLIST_KEY_UIApplicationSupportsIndirectInputEvents = YES;
				INFOPLIST_KEY_UILaunchStoryboardName = LaunchScreen;
				INFOPLIST_KEY_UIMainStoryboardFile = Main;
				INFOPLIST_KEY_UISupportedInterfaceOrientations_iPad = "UIInterfaceOrientationPortrait UIInterfaceOrientationPortraitUpsideDown UIInterfaceOrientationLandscapeLeft UIInterfaceOrientationLandscapeRight";
				INFOPLIST_KEY_UISupportedInterfaceOrientations_iPhone = "UIInterfaceOrientationPortrait UIInterfaceOrientationLandscapeLeft UIInterfaceOrientationLandscapeRight";
				LD_RUNPATH_SEARCH_PATHS = (
					"$(inherited)",
					"@executable_path/Frameworks",
				);
				MARKETING_VERSION = 1.0;
				PRODUCT_BUNDLE_IDENTIFIER = "pellzo-development.kitchen-sync";
				PRODUCT_NAME = "$(TARGET_NAME)";
				PROVISIONING_PROFILE_SPECIFIER = "";
				SWIFT_EMIT_LOC_STRINGS = YES;
				SWIFT_VERSION = 5.0;
				TARGETED_DEVICE_FAMILY = "1,2";
			};
			name = Debug;
		};
		DAC7D1A12A23AEEE006056FD /* Release */ = {
			isa = XCBuildConfiguration;
			buildSettings = {
				ASSETCATALOG_COMPILER_APPICON_NAME = AppIcon;
				ASSETCATALOG_COMPILER_GLOBAL_ACCENT_COLOR_NAME = AccentColor;
				CODE_SIGN_IDENTITY = "Apple Development";
				CODE_SIGN_STYLE = Automatic;
				CURRENT_PROJECT_VERSION = 1;
				DEVELOPMENT_TEAM = E7QQN9MDY9;
				GENERATE_INFOPLIST_FILE = YES;
				INFOPLIST_FILE = "kitchen sync/Info.plist";
				INFOPLIST_KEY_NSCameraUsageDescription = "This application need the camera to opperate";
				INFOPLIST_KEY_UIApplicationSupportsIndirectInputEvents = YES;
				INFOPLIST_KEY_UILaunchStoryboardName = LaunchScreen;
				INFOPLIST_KEY_UIMainStoryboardFile = Main;
				INFOPLIST_KEY_UISupportedInterfaceOrientations_iPad = "UIInterfaceOrientationPortrait UIInterfaceOrientationPortraitUpsideDown UIInterfaceOrientationLandscapeLeft UIInterfaceOrientationLandscapeRight";
				INFOPLIST_KEY_UISupportedInterfaceOrientations_iPhone = "UIInterfaceOrientationPortrait UIInterfaceOrientationLandscapeLeft UIInterfaceOrientationLandscapeRight";
				LD_RUNPATH_SEARCH_PATHS = (
					"$(inherited)",
					"@executable_path/Frameworks",
				);
				MARKETING_VERSION = 1.0;
				PRODUCT_BUNDLE_IDENTIFIER = "pellzo-development.kitchen-sync";
				PRODUCT_NAME = "$(TARGET_NAME)";
				PROVISIONING_PROFILE_SPECIFIER = "";
				SWIFT_EMIT_LOC_STRINGS = YES;
				SWIFT_VERSION = 5.0;
				TARGETED_DEVICE_FAMILY = "1,2";
			};
			name = Release;
		};
/* End XCBuildConfiguration section */

/* Begin XCConfigurationList section */
		DAC7D1862A23AEED006056FD /* Build configuration list for PBXProject "kitchen sync" */ = {
			isa = XCConfigurationList;
			buildConfigurations = (
				DAC7D19D2A23AEEE006056FD /* Debug */,
				DAC7D19E2A23AEEE006056FD /* Release */,
			);
			defaultConfigurationIsVisible = 0;
			defaultConfigurationName = Release;
		};
		DAC7D19F2A23AEEE006056FD /* Build configuration list for PBXNativeTarget "kitchen sync" */ = {
			isa = XCConfigurationList;
			buildConfigurations = (
				DAC7D1A02A23AEEE006056FD /* Debug */,
				DAC7D1A12A23AEEE006056FD /* Release */,
			);
			defaultConfigurationIsVisible = 0;
			defaultConfigurationName = Release;
		};
/* End XCConfigurationList section */

/* Begin XCRemoteSwiftPackageReference section */
		DA21881E2A2BEED900461DE1 /* XCRemoteSwiftPackageReference "firebase-ios-sdk" */ = {
			isa = XCRemoteSwiftPackageReference;
			repositoryURL = "https://github.com/firebase/firebase-ios-sdk";
			requirement = {
				kind = upToNextMajorVersion;
				minimumVersion = 10.0.0;
			};
		};
/* End XCRemoteSwiftPackageReference section */

/* Begin XCSwiftPackageProductDependency section */
		DA21881F2A2BEED900461DE1 /* FirebaseAuth */ = {
			isa = XCSwiftPackageProductDependency;
			package = DA21881E2A2BEED900461DE1 /* XCRemoteSwiftPackageReference "firebase-ios-sdk" */;
			productName = FirebaseAuth;
		};
		DA2188212A2BEED900461DE1 /* FirebaseDatabase */ = {
			isa = XCSwiftPackageProductDependency;
			package = DA21881E2A2BEED900461DE1 /* XCRemoteSwiftPackageReference "firebase-ios-sdk" */;
			productName = FirebaseDatabase;
		};
/* End XCSwiftPackageProductDependency section */

/* Begin XCVersionGroup section */
		DAC3083E2A658B3C0086FC1E /* ScannedItemModel.xcdatamodeld */ = {
			isa = XCVersionGroup;
			children = (
				DAC3083F2A658B3C0086FC1E /* ScannedItemModel.xcdatamodel */,
			);
			currentVersion = DAC3083F2A658B3C0086FC1E /* ScannedItemModel.xcdatamodel */;
			path = ScannedItemModel.xcdatamodeld;
			sourceTree = "<group>";
			versionGroupType = wrapper.xcdatamodel;
		};
/* End XCVersionGroup section */
	};
	rootObject = DAC7D1832A23AEED006056FD /* Project object */;
}
